
Microsoft Visual Studio Solution File, Format Version 12.00
# Visual Studio Version 17
VisualStudioVersion = 17.6.33815.320
MinimumVisualStudioVersion = 10.0.40219.1
Project("{2150E333-8FDC-42A3-9474-1A3956D46DE8}") = "01.Presentation", "01.Presentation", "{0D494942-B84E-496A-9945-C6E2E1422B4F}"
EndProject
Project("{2150E333-8FDC-42A3-9474-1A3956D46DE8}") = "02.Application", "02.Application", "{9E40BB6F-E0D5-417C-951B-FDFF067436AD}"
EndProject
Project("{2150E333-8FDC-42A3-9474-1A3956D46DE8}") = "03.Domain", "03.Domain", "{30C221D4-C8C6-438D-965B-FCB34F9AEDDF}"
	ProjectSection(SolutionItems) = preProject
		OS.Core.Jobs\Program.cs = OS.Core.Jobs\Program.cs
	EndProjectSection
EndProject
Project("{2150E333-8FDC-42A3-9474-1A3956D46DE8}") = "05.Jobs", "05.Jobs", "{4FD8B828-AFC9-455C-8041-E2FD9621FFAF}"
EndProject
Project("{2150E333-8FDC-42A3-9474-1A3956D46DE8}") = "04.Infrastructure", "04.Infrastructure", "{ED884CF2-A3EC-4C97-A320-DB3A4EA99D8B}"
EndProject
Project("{2150E333-8FDC-42A3-9474-1A3956D46DE8}") = "06.Testing", "06.Testing", "{DA67E8FB-C682-4048-A047-E34317B9ADE1}"
EndProject
Project("{FAE04EC0-301F-11D3-BF4B-00C04F79EFBC}") = "OS.App", "OS.App\OS.App.csproj", "{3D89068C-7E0F-4058-8DB8-493E9B6BA8B4}"
EndProject
Project("{FAE04EC0-301F-11D3-BF4B-00C04F79EFBC}") = "OS.Core.Application", "OS.Core.Application\OS.Core.Application.csproj", "{1FDD27F6-CB54-4F08-9D59-A46AAE547548}"
EndProject
Project("{FAE04EC0-301F-11D3-BF4B-00C04F79EFBC}") = "OS.Core.Domain", "OS.Core.Domain\OS.Core.Domain.csproj", "{5EB64624-A00F-43FA-8E13-A4A2A72C1FAD}"
EndProject
Project("{FAE04EC0-301F-11D3-BF4B-00C04F79EFBC}") = "OS.Core.Jobs", "OS.Core.Jobs\OS.Core.Jobs.csproj", "{E9E455F5-EEEA-4861-A200-C145D371E3C7}"
EndProject
Project("{FAE04EC0-301F-11D3-BF4B-00C04F79EFBC}") = "OS.Core.Infrastructure", "OS.Core.Infrastructure\OS.Core.Infrastructure.csproj", "{210426DB-35AA-49F5-B700-F51A932141AC}"
EndProject
Global
	GlobalSection(SolutionConfigurationPlatforms) = preSolution
		Debug|Any CPU = Debug|Any CPU
		Release|Any CPU = Release|Any CPU
	EndGlobalSection
	GlobalSection(ProjectConfigurationPlatforms) = postSolution
		{3D89068C-7E0F-4058-8DB8-493E9B6BA8B4}.Debug|Any CPU.ActiveCfg = Debug|Any CPU
		{3D89068C-7E0F-4058-8DB8-493E9B6BA8B4}.Debug|Any CPU.Build.0 = Debug|Any CPU
		{3D89068C-7E0F-4058-8DB8-493E9B6BA8B4}.Release|Any CPU.ActiveCfg = Release|Any CPU
		{3D89068C-7E0F-4058-8DB8-493E9B6BA8B4}.Release|Any CPU.Build.0 = Release|Any CPU
		{1FDD27F6-CB54-4F08-9D59-A46AAE547548}.Debug|Any CPU.ActiveCfg = Debug|Any CPU
		{1FDD27F6-CB54-4F08-9D59-A46AAE547548}.Debug|Any CPU.Build.0 = Debug|Any CPU
		{1FDD27F6-CB54-4F08-9D59-A46AAE547548}.Release|Any CPU.ActiveCfg = Release|Any CPU
		{1FDD27F6-CB54-4F08-9D59-A46AAE547548}.Release|Any CPU.Build.0 = Release|Any CPU
		{5EB64624-A00F-43FA-8E13-A4A2A72C1FAD}.Debug|Any CPU.ActiveCfg = Debug|Any CPU
		{5EB64624-A00F-43FA-8E13-A4A2A72C1FAD}.Debug|Any CPU.Build.0 = Debug|Any CPU
		{5EB64624-A00F-43FA-8E13-A4A2A72C1FAD}.Release|Any CPU.ActiveCfg = Release|Any CPU
		{5EB64624-A00F-43FA-8E13-A4A2A72C1FAD}.Release|Any CPU.Build.0 = Release|Any CPU
		{E9E455F5-EEEA-4861-A200-C145D371E3C7}.Debug|Any CPU.ActiveCfg = Debug|Any CPU
		{E9E455F5-EEEA-4861-A200-C145D371E3C7}.Debug|Any CPU.Build.0 = Debug|Any CPU
		{E9E455F5-EEEA-4861-A200-C145D371E3C7}.Release|Any CPU.ActiveCfg = Release|Any CPU
		{E9E455F5-EEEA-4861-A200-C145D371E3C7}.Release|Any CPU.Build.0 = Release|Any CPU
		{210426DB-35AA-49F5-B700-F51A932141AC}.Debug|Any CPU.ActiveCfg = Debug|Any CPU
		{210426DB-35AA-49F5-B700-F51A932141AC}.Debug|Any CPU.Build.0 = Debug|Any CPU
		{210426DB-35AA-49F5-B700-F51A932141AC}.Release|Any CPU.ActiveCfg = Release|Any CPU
		{210426DB-35AA-49F5-B700-F51A932141AC}.Release|Any CPU.Build.0 = Release|Any CPU
	EndGlobalSection
	GlobalSection(SolutionProperties) = preSolution
		HideSolutionNode = FALSE
	EndGlobalSection
	GlobalSection(NestedProjects) = preSolution
		{3D89068C-7E0F-4058-8DB8-493E9B6BA8B4} = {0D494942-B84E-496A-9945-C6E2E1422B4F}
		{1FDD27F6-CB54-4F08-9D59-A46AAE547548} = {9E40BB6F-E0D5-417C-951B-FDFF067436AD}
		{5EB64624-A00F-43FA-8E13-A4A2A72C1FAD} = {30C221D4-C8C6-438D-965B-FCB34F9AEDDF}
		{E9E455F5-EEEA-4861-A200-C145D371E3C7} = {4FD8B828-AFC9-455C-8041-E2FD9621FFAF}
		{210426DB-35AA-49F5-B700-F51A932141AC} = {ED884CF2-A3EC-4C97-A320-DB3A4EA99D8B}
	EndGlobalSection
	GlobalSection(ExtensibilityGlobals) = postSolution
		SolutionGuid = {081DDBAB-C55B-4767-90A0-CEF7C850F8E6}
	EndGlobalSection
EndGlobal
